
Microsoft Visual Studio Solution File, Format Version 12.00
# Visual Studio Version 17
VisualStudioVersion = 17.2.32602.215
MinimumVisualStudioVersion = 10.0.40219.1
Project("{9A19103F-16F7-4668-BE54-9A1E7A4F7556}") = "BabyJournal", "BabyJournal\BabyJournal.csproj", "{5976CCFA-025E-4D1F-8EDF-0B99908244C2}"
EndProject
Global
	GlobalSection(SolutionConfigurationPlatforms) = preSolution
		Debug|Any CPU = Debug|Any CPU
		Release|Any CPU = Release|Any CPU
	EndGlobalSection
	GlobalSection(ProjectConfigurationPlatforms) = postSolution
		{5976CCFA-025E-4D1F-8EDF-0B99908244C2}.Debug|Any CPU.ActiveCfg = Debug|Any CPU
		{5976CCFA-025E-4D1F-8EDF-0B99908244C2}.Debug|Any CPU.Build.0 = Debug|Any CPU
		{5976CCFA-025E-4D1F-8EDF-0B99908244C2}.Release|Any CPU.ActiveCfg = Release|Any CPU
		{5976CCFA-025E-4D1F-8EDF-0B99908244C2}.Release|Any CPU.Build.0 = Release|Any CPU
	EndGlobalSection
	GlobalSection(SolutionProperties) = preSolution
		HideSolutionNode = FALSE
	EndGlobalSection
	GlobalSection(ExtensibilityGlobals) = postSolution
		SolutionGuid = {5C44DBC5-C29F-4438-8144-891CAECCAA4D}
	EndGlobalSection
EndGlobal
